
Microsoft Visual Studio Solution File, Format Version 12.00
# Visual Studio 15
VisualStudioVersion = 15.0.27004.2010
MinimumVisualStudioVersion = 10.0.40219.1
Project("{FAE04EC0-301F-11D3-BF4B-00C04F79EFBC}") = "StartUp", "StartUp\StartUp.csproj", "{45CA7980-3388-4A72-93F9-DBD815412F79}"
EndProject
Project("{FAE04EC0-301F-11D3-BF4B-00C04F79EFBC}") = "StartUp.Tests", "StartUp.Tests\StartUp.Tests.csproj", "{AD17D797-6B0A-4390-BA5F-EFC4520E0EDB}"
EndProject
Global
	GlobalSection(SolutionConfigurationPlatforms) = preSolution
		Debug|Any CPU = Debug|Any CPU
		Release|Any CPU = Release|Any CPU
	EndGlobalSection
	GlobalSection(ProjectConfigurationPlatforms) = postSolution
		{45CA7980-3388-4A72-93F9-DBD815412F79}.Debug|Any CPU.ActiveCfg = Debug|Any CPU
		{45CA7980-3388-4A72-93F9-DBD815412F79}.Debug|Any CPU.Build.0 = Debug|Any CPU
		{45CA7980-3388-4A72-93F9-DBD815412F79}.Release|Any CPU.ActiveCfg = Release|Any CPU
		{45CA7980-3388-4A72-93F9-DBD815412F79}.Release|Any CPU.Build.0 = Release|Any CPU
		{AD17D797-6B0A-4390-BA5F-EFC4520E0EDB}.Debug|Any CPU.ActiveCfg = Debug|Any CPU
		{AD17D797-6B0A-4390-BA5F-EFC4520E0EDB}.Debug|Any CPU.Build.0 = Debug|Any CPU
		{AD17D797-6B0A-4390-BA5F-EFC4520E0EDB}.Release|Any CPU.ActiveCfg = Release|Any CPU
		{AD17D797-6B0A-4390-BA5F-EFC4520E0EDB}.Release|Any CPU.Build.0 = Release|Any CPU
	EndGlobalSection
	GlobalSection(SolutionProperties) = preSolution
		HideSolutionNode = FALSE
	EndGlobalSection
	GlobalSection(ExtensibilityGlobals) = postSolution
		SolutionGuid = {CC025F04-20AE-429B-8C2C-96761415D0AB}
	EndGlobalSection
EndGlobal
